
Microsoft Visual Studio Solution File, Format Version 12.00
# Visual Studio 15
VisualStudioVersion = 15.0.27130.2027
MinimumVisualStudioVersion = 10.0.40219.1
Project("{FAE04EC0-301F-11D3-BF4B-00C04F79EFBC}") = "FindAStar", "FindAStar\FindAStar.csproj", "{0DCE2834-3C37-4FA1-8855-C0CDD99F6F59}"
EndProject
Global
	GlobalSection(SolutionConfigurationPlatforms) = preSolution
		Debug|Any CPU = Debug|Any CPU
		Release|Any CPU = Release|Any CPU
	EndGlobalSection
	GlobalSection(ProjectConfigurationPlatforms) = postSolution
		{0DCE2834-3C37-4FA1-8855-C0CDD99F6F59}.Debug|Any CPU.ActiveCfg = Debug|Any CPU
		{0DCE2834-3C37-4FA1-8855-C0CDD99F6F59}.Debug|Any CPU.Build.0 = Debug|Any CPU
		{0DCE2834-3C37-4FA1-8855-C0CDD99F6F59}.Release|Any CPU.ActiveCfg = Release|Any CPU
		{0DCE2834-3C37-4FA1-8855-C0CDD99F6F59}.Release|Any CPU.Build.0 = Release|Any CPU
	EndGlobalSection
	GlobalSection(SolutionProperties) = preSolution
		HideSolutionNode = FALSE
	EndGlobalSection
	GlobalSection(ExtensibilityGlobals) = postSolution
		SolutionGuid = {939FC955-80C9-4F32-83F2-64E0C41C6C9C}
	EndGlobalSection
EndGlobal
